// !$*UTF8*$!
{
	archiveVersion = 1;
	classes = {
	};
	objectVersion = 46;
	objects = {

/* Begin PBXBuildFile section */
		BD76F5061F4D5FE40002D228 /* AppDelegate.swift in Sources */ = {isa = PBXBuildFile; fileRef = BD76F5051F4D5FE40002D228 /* AppDelegate.swift */; };
		BD76F5081F4D5FE40002D228 /* ViewController.swift in Sources */ = {isa = PBXBuildFile; fileRef = BD76F5071F4D5FE40002D228 /* ViewController.swift */; };
		BD76F50B1F4D5FE40002D228 /* Main.storyboard in Resources */ = {isa = PBXBuildFile; fileRef = BD76F5091F4D5FE40002D228 /* Main.storyboard */; };
		BD76F50D1F4D5FE40002D228 /* Assets.xcassets in Resources */ = {isa = PBXBuildFile; fileRef = BD76F50C1F4D5FE40002D228 /* Assets.xcassets */; };
		BD76F5101F4D5FE40002D228 /* LaunchScreen.storyboard in Resources */ = {isa = PBXBuildFile; fileRef = BD76F50E1F4D5FE40002D228 /* LaunchScreen.storyboard */; };
/* End PBXBuildFile section */

/* Begin PBXFileReference section */
		BD76F5021F4D5FE40002D228 /* HelloWorld.app */ = {isa = PBXFileReference; explicitFileType = wrapper.application; includeInIndex = 0; path = HelloWorld.app; sourceTree = BUILT_PRODUCTS_DIR; };
		BD76F5051F4D5FE40002D228 /* AppDelegate.swift */ = {isa = PBXFileReference; lastKnownFileType = sourcecode.swift; path = AppDelegate.swift; sourceTree = "<group>"; };
		BD76F5071F4D5FE40002D228 /* ViewController.swift */ = {isa = PBXFileReference; lastKnownFileType = sourcecode.swift; path = ViewController.swift; sourceTree = "<group>"; };
		BD76F50A1F4D5FE40002D228 /* Base */ = {isa = PBXFileReference; lastKnownFileType = file.storyboard; name = Base; path = Base.lproj/Main.storyboard; sourceTree = "<group>"; };
		BD76F50C1F4D5FE40002D228 /* Assets.xcassets */ = {isa = PBXFileReference; lastKnownFileType = folder.assetcatalog; path = Assets.xcassets; sourceTree = "<group>"; };
		BD76F50F1F4D5FE40002D228 /* Base */ = {isa = PBXFileReference; lastKnownFileType = file.storyboard; name = Base; path = Base.lproj/LaunchScreen.storyboard; sourceTree = "<group>"; };
		BD76F5111F4D5FE40002D228 /* Info.plist */ = {isa = PBXFileReference; lastKnownFileType = text.plist.xml; path = Info.plist; sourceTree = "<group>"; };
/* End PBXFileReference section */

/* Begin PBXFrameworksBuildPhase section */
		BD76F4FF1F4D5FE40002D228 /* Frameworks */ = {
			isa = PBXFrameworksBuildPhase;
			buildActionMask = 2147483647;
			files = (
			);
			runOnlyForDeploymentPostprocessing = 0;
		};
/* End PBXFrameworksBuildPhase section */

/* Begin PBXGroup section */
		BD76F4F91F4D5FE40002D228 = {
			isa = PBXGroup;
			children = (
				BD76F5041F4D5FE40002D228 /* HelloWorld */,
				BD76F5031F4D5FE40002D228 /* Products */,
			);
			sourceTree = "<group>";
		};
		BD76F5031F4D5FE40002D228 /* Products */ = {
			isa = PBXGroup;
			children = (
				BD76F5021F4D5FE40002D228 /* HelloWorld.app */,
			);
			name = Products;
			sourceTree = "<group>";
		};
		BD76F5041F4D5FE40002D228 /* HelloWorld */ = {
			isa = PBXGroup;
			children = (
				BD76F5051F4D5FE40002D228 /* AppDelegate.swift */,
				BD76F5071F4D5FE40002D228 /* ViewController.swift */,
				BD76F5091F4D5FE40002D228 /* Main.storyboard */,
				BD76F50C1F4D5FE40002D228 /* Assets.xcassets */,
				BD76F50E1F4D5FE40002D228 /* LaunchScreen.storyboard */,
				BD76F5111F4D5FE40002D228 /* Info.plist */,
			);
			path = HelloWorld;
			sourceTree = "<group>";
		};
/* End PBXGroup section */

/* Begin PBXNativeTarget section */
		BD76F5011F4D5FE40002D228 /* HelloWorld */ = {
			isa = PBXNativeTarget;
			buildConfigurationList = BD76F5141F4D5FE40002D228 /* Build configuration list for PBXNativeTarget "HelloWorld" */;
			buildPhases = (
				BD76F4FE1F4D5FE40002D228 /* Sources */,
				BD76F4FF1F4D5FE40002D228 /* Frameworks */,
				BD76F5001F4D5FE40002D228 /* Resources */,
			);
			buildRules = (
			);
			dependencies = (
			);
			name = HelloWorld;
			productName = HelloWorld;
			productReference = BD76F5021F4D5FE40002D228 /* HelloWorld.app */;
			productType = "com.apple.product-type.application";
		};
/* End PBXNativeTarget section */

/* Begin PBXProject section */
		BD76F4FA1F4D5FE40002D228 /* Project object */ = {
			isa = PBXProject;
			attributes = {
				LastSwiftUpdateCheck = 0830;
				LastUpgradeCheck = 0830;
				ORGANIZATIONNAME = "Sudhir Chovatiya";
				TargetAttributes = {
					BD76F5011F4D5FE40002D228 = {
						CreatedOnToolsVersion = 8.3.2;
						DevelopmentTeam = QNMJT9VVN8;
						ProvisioningStyle = Manual;
					};
				};
			};
			buildConfigurationList = BD76F4FD1F4D5FE40002D228 /* Build configuration list for PBXProject "HelloWorld" */;
			compatibilityVersion = "Xcode 3.2";
			developmentRegion = English;
			hasScannedForEncodings = 0;
			knownRegions = (
				en,
				Base,
			);
			mainGroup = BD76F4F91F4D5FE40002D228;
			productRefGroup = BD76F5031F4D5FE40002D228 /* Products */;
			projectDirPath = "";
			projectRoot = "";
			targets = (
				BD76F5011F4D5FE40002D228 /* HelloWorld */,
			);
		};
/* End PBXProject section */

/* Begin PBXResourcesBuildPhase section */
		BD76F5001F4D5FE40002D228 /* Resources */ = {
			isa = PBXResourcesBuildPhase;
			buildActionMask = 2147483647;
			files = (
				BD76F5101F4D5FE40002D228 /* LaunchScreen.storyboard in Resources */,
				BD76F50D1F4D5FE40002D228 /* Assets.xcassets in Resources */,
				BD76F50B1F4D5FE40002D228 /* Main.storyboard in Resources */,
			);
			runOnlyForDeploymentPostprocessing = 0;
		};
/* End PBXResourcesBuildPhase section */

/* Begin PBXSourcesBuildPhase section */
		BD76F4FE1F4D5FE40002D228 /* Sources */ = {
			isa = PBXSourcesBuildPhase;
			buildActionMask = 2147483647;
			files = (
				BD76F5081F4D5FE40002D228 /* ViewController.swift in Sources */,
				BD76F5061F4D5FE40002D228 /* AppDelegate.swift in Sources */,
			);
			runOnlyForDeploymentPostprocessing = 0;
		};
/* End PBXSourcesBuildPhase section */

/* Begin PBXVariantGroup section */
		BD76F5091F4D5FE40002D228 /* Main.storyboard */ = {
			isa = PBXVariantGroup;
			children = (
				BD76F50A1F4D5FE40002D228 /* Base */,
			);
			name = Main.storyboard;
			sourceTree = "<group>";
		};
		BD76F50E1F4D5FE40002D228 /* LaunchScreen.storyboard */ = {
			isa = PBXVariantGroup;
			children = (
				BD76F50F1F4D5FE40002D228 /* Base */,
			);
			name = LaunchScreen.storyboard;
			sourceTree = "<group>";
		};
/* End PBXVariantGroup section */

/* Begin XCBuildConfiguration section */
		BD76F5121F4D5FE40002D228 /* Debug */ = {
			isa = XCBuildConfiguration;
			buildSettings = {
				ALWAYS_SEARCH_USER_PATHS = NO;
				CLANG_ANALYZER_NONNULL = YES;
				CLANG_ANALYZER_NUMBER_OBJECT_CONVERSION = YES_AGGRESSIVE;
				CLANG_CXX_LANGUAGE_STANDARD = "gnu++0x";
				CLANG_CXX_LIBRARY = "libc++";
				CLANG_ENABLE_MODULES = YES;
				CLANG_ENABLE_OBJC_ARC = YES;
				CLANG_WARN_BOOL_CONVERSION = YES;
				CLANG_WARN_CONSTANT_CONVERSION = YES;
				CLANG_WARN_DIRECT_OBJC_ISA_USAGE = YES_ERROR;
				CLANG_WARN_DOCUMENTATION_COMMENTS = YES;
				CLANG_WARN_EMPTY_BODY = YES;
				CLANG_WARN_ENUM_CONVERSION = YES;
				CLANG_WARN_INFINITE_RECURSION = YES;
				CLANG_WARN_INT_CONVERSION = YES;
				CLANG_WARN_OBJC_ROOT_CLASS = YES_ERROR;
				CLANG_WARN_SUSPICIOUS_MOVE = YES;
				CLANG_WARN_UNREACHABLE_CODE = YES;
				CLANG_WARN__DUPLICATE_METHOD_MATCH = YES;
				"CODE_SIGN_IDENTITY[sdk=iphoneos*]" = "iPhone Developer";
				COPY_PHASE_STRIP = NO;
				DEBUG_INFORMATION_FORMAT = dwarf;
				ENABLE_STRICT_OBJC_MSGSEND = YES;
				ENABLE_TESTABILITY = YES;
				GCC_C_LANGUAGE_STANDARD = gnu99;
				GCC_DYNAMIC_NO_PIC = NO;
				GCC_NO_COMMON_BLOCKS = YES;
				GCC_OPTIMIZATION_LEVEL = 0;
				GCC_PREPROCESSOR_DEFINITIONS = (
					"DEBUG=1",
					"$(inherited)",
				);
				GCC_WARN_64_TO_32_BIT_CONVERSION = YES;
				GCC_WARN_ABOUT_RETURN_TYPE = YES_ERROR;
				GCC_WARN_UNDECLARED_SELECTOR = YES;
				GCC_WARN_UNINITIALIZED_AUTOS = YES_AGGRESSIVE;
				GCC_WARN_UNUSED_FUNCTION = YES;
				GCC_WARN_UNUSED_VARIABLE = YES;
				IPHONEOS_DEPLOYMENT_TARGET = 10.3;
				MTL_ENABLE_DEBUG_INFO = YES;
				ONLY_ACTIVE_ARCH = YES;
				SDKROOT = iphoneos;
				SWIFT_ACTIVE_COMPILATION_CONDITIONS = DEBUG;
				SWIFT_OPTIMIZATION_LEVEL = "-Onone";
				TARGETED_DEVICE_FAMILY = "1,2";
			};
			name = Debug;
		};
		BD76F5131F4D5FE40002D228 /* Release */ = {
			isa = XCBuildConfiguration;
			buildSettings = {
				ALWAYS_SEARCH_USER_PATHS = NO;
				CLANG_ANALYZER_NONNULL = YES;
				CLANG_ANALYZER_NUMBER_OBJECT_CONVERSION = YES_AGGRESSIVE;
				CLANG_CXX_LANGUAGE_STANDARD = "gnu++0x";
				CLANG_CXX_LIBRARY = "libc++";
				CLANG_ENABLE_MODULES = YES;
				CLANG_ENABLE_OBJC_ARC = YES;
				CLANG_WARN_BOOL_CONVERSION = YES;
				CLANG_WARN_CONSTANT_CONVERSION = YES;
				CLANG_WARN_DIRECT_OBJC_ISA_USAGE = YES_ERROR;
				CLANG_WARN_DOCUMENTATION_COMMENTS = YES;
				CLANG_WARN_EMPTY_BODY = YES;
				CLANG_WARN_ENUM_CONVERSION = YES;
				CLANG_WARN_INFINITE_RECURSION = YES;
				CLANG_WARN_INT_CONVERSION = YES;
				CLANG_WARN_OBJC_ROOT_CLASS = YES_ERROR;
				CLANG_WARN_SUSPICIOUS_MOVE = YES;
				CLANG_WARN_UNREACHABLE_CODE = YES;
				CLANG_WARN__DUPLICATE_METHOD_MATCH = YES;
				"CODE_SIGN_IDENTITY[sdk=iphoneos*]" = "iPhone Developer";
				COPY_PHASE_STRIP = NO;
				DEBUG_INFORMATION_FORMAT = "dwarf-with-dsym";
				ENABLE_NS_ASSERTIONS = NO;
				ENABLE_STRICT_OBJC_MSGSEND = YES;
				GCC_C_LANGUAGE_STANDARD = gnu99;
				GCC_NO_COMMON_BLOCKS = YES;
				GCC_WARN_64_TO_32_BIT_CONVERSION = YES;
				GCC_WARN_ABOUT_RETURN_TYPE = YES_ERROR;
				GCC_WARN_UNDECLARED_SELECTOR = YES;
				GCC_WARN_UNINITIALIZED_AUTOS = YES_AGGRESSIVE;
				GCC_WARN_UNUSED_FUNCTION = YES;
				GCC_WARN_UNUSED_VARIABLE = YES;
				IPHONEOS_DEPLOYMENT_TARGET = 10.3;
				MTL_ENABLE_DEBUG_INFO = NO;
				SDKROOT = iphoneos;
				SWIFT_OPTIMIZATION_LEVEL = "-Owholemodule";
				TARGETED_DEVICE_FAMILY = "1,2";
				VALIDATE_PRODUCT = YES;
			};
			name = Release;
		};
		BD76F5151F4D5FE40002D228 /* Debug */ = {
			isa = XCBuildConfiguration;
			buildSettings = {
				ASSETCATALOG_COMPILER_APPICON_NAME = AppIcon;
				CODE_SIGN_IDENTITY = "iPhone Developer: Nish Parikh (53JE8TY6J8)";
				CODE_SIGN_STYLE = Manual;
				DEVELOPMENT_TEAM = QNMJT9VVN8;
				INFOPLIST_FILE = HelloWorld/Info.plist;
				LD_RUNPATH_SEARCH_PATHS = "$(inherited) @executable_path/Frameworks";
				PRODUCT_BUNDLE_IDENTIFIER = Colorskitone;
				PRODUCT_NAME = "$(TARGET_NAME)";
				PROVISIONING_PROFILE = "f05215ac-596d-4da9-99d5-573b52a94e4c";
				PROVISIONING_PROFILE_SPECIFIER = CK2_dev;
				SWIFT_VERSION = 3.0;
			};
			name = Debug;
		};
		BD76F5161F4D5FE40002D228 /* Release */ = {
			isa = XCBuildConfiguration;
			buildSettings = {
				ASSETCATALOG_COMPILER_APPICON_NAME = AppIcon;
				CODE_SIGN_IDENTITY = "iPhone Developer: Nish Parikh (53JE8TY6J8)";
				CODE_SIGN_STYLE = Manual;
				DEVELOPMENT_TEAM = QNMJT9VVN8;
				INFOPLIST_FILE = HelloWorld/Info.plist;
				LD_RUNPATH_SEARCH_PATHS = "$(inherited) @executable_path/Frameworks";
				PRODUCT_BUNDLE_IDENTIFIER = Colorskitone;
				PRODUCT_NAME = "$(TARGET_NAME)";
				PROVISIONING_PROFILE = "f05215ac-596d-4da9-99d5-573b52a94e4c";
				PROVISIONING_PROFILE_SPECIFIER = CK2_dev;
				SWIFT_VERSION = 3.0;
			};
			name = Release;
		};
/* End XCBuildConfiguration section */

/* Begin XCConfigurationList section */
		BD76F4FD1F4D5FE40002D228 /* Build configuration list for PBXProject "HelloWorld" */ = {
			isa = XCConfigurationList;
			buildConfigurations = (
				BD76F5121F4D5FE40002D228 /* Debug */,
				BD76F5131F4D5FE40002D228 /* Release */,
			);
			defaultConfigurationIsVisible = 0;
			defaultConfigurationName = Release;
		};
		BD76F5141F4D5FE40002D228 /* Build configuration list for PBXNativeTarget "HelloWorld" */ = {
			isa = XCConfigurationList;
			buildConfigurations = (
				BD76F5151F4D5FE40002D228 /* Debug */,
				BD76F5161F4D5FE40002D228 /* Release */,
			);
			defaultConfigurationIsVisible = 0;
			defaultConfigurationName = Release;
		};
/* End XCConfigurationList section */
	};
	rootObject = BD76F4FA1F4D5FE40002D228 /* Project object */;
}
